// !$*UTF8*$!
{
	archiveVersion = 1;
	classes = {
	};
	objectVersion = 56;
	objects = {

/* Begin PBXBuildFile section */
		5F110FA42BDEFB5A008BC0D7 /* CatWorkerDataTests.swift in Sources */ = {isa = PBXBuildFile; fileRef = 5F110FA32BDEFB5A008BC0D7 /* CatWorkerDataTests.swift */; };
		5F3DD83A2BDEDF5F006B0D68 /* CatWorkerProtocol.swift in Sources */ = {isa = PBXBuildFile; fileRef = 5F3DD8392BDEDF5F006B0D68 /* CatWorkerProtocol.swift */; };
		5F3DD83C2BDEF1BD006B0D68 /* CatWorkerJSON.swift in Sources */ = {isa = PBXBuildFile; fileRef = 5F3DD83B2BDEF1BD006B0D68 /* CatWorkerJSON.swift */; };
		5F3DD83E2BDEF1DF006B0D68 /* data.json in Resources */ = {isa = PBXBuildFile; fileRef = 5F3DD83D2BDEF1DF006B0D68 /* data.json */; };
		5F8005CC2BCB058F0058773F /* DetailController.swift in Sources */ = {isa = PBXBuildFile; fileRef = 5F8005CB2BCB058F0058773F /* DetailController.swift */; };
		5F8005CE2BCB05970058773F /* DetailView.swift in Sources */ = {isa = PBXBuildFile; fileRef = 5F8005CD2BCB05970058773F /* DetailView.swift */; };
		5F8005D22BCB0F9F0058773F /* DetailService.swift in Sources */ = {isa = PBXBuildFile; fileRef = 5F8005D12BCB0F9F0058773F /* DetailService.swift */; };
		5F8005D52BCB29AD0058773F /* ErrorMessage.swift in Sources */ = {isa = PBXBuildFile; fileRef = 5F8005D42BCB29AD0058773F /* ErrorMessage.swift */; };
		5F8005DD2BCB2E270058773F /* ListTests.swift in Sources */ = {isa = PBXBuildFile; fileRef = 5F8005DC2BCB2E270058773F /* ListTests.swift */; };
		5F8005E52BCB2F040058773F /* SnapshotTesting in Frameworks */ = {isa = PBXBuildFile; productRef = 5F8005E42BCB2F040058773F /* SnapshotTesting */; };
		5F8005E72BCB31E10058773F /* DetailTests.swift in Sources */ = {isa = PBXBuildFile; fileRef = 5F8005E62BCB31E10058773F /* DetailTests.swift */; };
		5FC0956B2BCB03E300EF0616 /* CatWorker.swift in Sources */ = {isa = PBXBuildFile; fileRef = 5FE7DA262BCAF079004F9D19 /* CatWorker.swift */; };
		5FC0956C2BCB03E300EF0616 /* ListService.swift in Sources */ = {isa = PBXBuildFile; fileRef = 5F0D392C2BC4CC9600E67929 /* ListService.swift */; };
		5FC0956D2BCB03E300EF0616 /* Card.swift in Sources */ = {isa = PBXBuildFile; fileRef = 5FA7EAC82BC4C75A00758654 /* Card.swift */; };
		5FC0956E2BCB03E300EF0616 /* MainCoordinator.swift in Sources */ = {isa = PBXBuildFile; fileRef = 5FA7EABF2BC4C23600758654 /* MainCoordinator.swift */; };
		5FC0956F2BCB03E300EF0616 /* ListView.swift in Sources */ = {isa = PBXBuildFile; fileRef = 5FF3004A2BC4AC280023468D /* ListView.swift */; };
		5FC095722BCB03E300EF0616 /* ListController.swift in Sources */ = {isa = PBXBuildFile; fileRef = 5FA7EAC42BC4C41C00758654 /* ListController.swift */; };
		5FC095772BCB03E300EF0616 /* SceneDelegate.swift in Sources */ = {isa = PBXBuildFile; fileRef = 5FE7DA2C2BCAFE74004F9D19 /* SceneDelegate.swift */; };
		5FC095782BCB03E300EF0616 /* AppDelegate.swift in Sources */ = {isa = PBXBuildFile; fileRef = 5FE7DA2E2BCAFE8E004F9D19 /* AppDelegate.swift */; };
/* End PBXBuildFile section */

/* Begin PBXContainerItemProxy section */
		5F8005DE2BCB2E270058773F /* PBXContainerItemProxy */ = {
			isa = PBXContainerItemProxy;
			containerPortal = 5FF3003D2BC4AC280023468D /* Project object */;
			proxyType = 1;
			remoteGlobalIDString = 5FE7DA342BCB010D004F9D19;
			remoteInfo = ListDetail;
		};
/* End PBXContainerItemProxy section */

/* Begin PBXFileReference section */
		5F0D392C2BC4CC9600E67929 /* ListService.swift */ = {isa = PBXFileReference; lastKnownFileType = sourcecode.swift; path = ListService.swift; sourceTree = "<group>"; };
		5F110FA32BDEFB5A008BC0D7 /* CatWorkerDataTests.swift */ = {isa = PBXFileReference; lastKnownFileType = sourcecode.swift; path = CatWorkerDataTests.swift; sourceTree = "<group>"; };
		5F3DD8392BDEDF5F006B0D68 /* CatWorkerProtocol.swift */ = {isa = PBXFileReference; lastKnownFileType = sourcecode.swift; path = CatWorkerProtocol.swift; sourceTree = "<group>"; };
		5F3DD83B2BDEF1BD006B0D68 /* CatWorkerJSON.swift */ = {isa = PBXFileReference; lastKnownFileType = sourcecode.swift; path = CatWorkerJSON.swift; sourceTree = "<group>"; };
		5F3DD83D2BDEF1DF006B0D68 /* data.json */ = {isa = PBXFileReference; fileEncoding = 4; lastKnownFileType = text.json; path = data.json; sourceTree = "<group>"; };
		5F8005CB2BCB058F0058773F /* DetailController.swift */ = {isa = PBXFileReference; fileEncoding = 4; lastKnownFileType = sourcecode.swift; path = DetailController.swift; sourceTree = "<group>"; };
		5F8005CD2BCB05970058773F /* DetailView.swift */ = {isa = PBXFileReference; fileEncoding = 4; lastKnownFileType = sourcecode.swift; path = DetailView.swift; sourceTree = "<group>"; };
		5F8005D12BCB0F9F0058773F /* DetailService.swift */ = {isa = PBXFileReference; lastKnownFileType = sourcecode.swift; path = DetailService.swift; sourceTree = "<group>"; };
		5F8005D42BCB29AD0058773F /* ErrorMessage.swift */ = {isa = PBXFileReference; lastKnownFileType = sourcecode.swift; path = ErrorMessage.swift; sourceTree = "<group>"; };
		5F8005DA2BCB2E270058773F /* ListDetailTests.xctest */ = {isa = PBXFileReference; explicitFileType = wrapper.cfbundle; includeInIndex = 0; path = ListDetailTests.xctest; sourceTree = BUILT_PRODUCTS_DIR; };
		5F8005DC2BCB2E270058773F /* ListTests.swift */ = {isa = PBXFileReference; lastKnownFileType = sourcecode.swift; path = ListTests.swift; sourceTree = "<group>"; };
		5F8005E62BCB31E10058773F /* DetailTests.swift */ = {isa = PBXFileReference; lastKnownFileType = sourcecode.swift; path = DetailTests.swift; sourceTree = "<group>"; };
		5FA7EABF2BC4C23600758654 /* MainCoordinator.swift */ = {isa = PBXFileReference; lastKnownFileType = sourcecode.swift; path = MainCoordinator.swift; sourceTree = "<group>"; };
		5FA7EAC42BC4C41C00758654 /* ListController.swift */ = {isa = PBXFileReference; lastKnownFileType = sourcecode.swift; path = ListController.swift; sourceTree = "<group>"; };
		5FA7EAC82BC4C75A00758654 /* Card.swift */ = {isa = PBXFileReference; lastKnownFileType = sourcecode.swift; path = Card.swift; sourceTree = "<group>"; };
		5FE7DA262BCAF079004F9D19 /* CatWorker.swift */ = {isa = PBXFileReference; lastKnownFileType = sourcecode.swift; path = CatWorker.swift; sourceTree = "<group>"; };
		5FE7DA2C2BCAFE74004F9D19 /* SceneDelegate.swift */ = {isa = PBXFileReference; lastKnownFileType = sourcecode.swift; path = SceneDelegate.swift; sourceTree = "<group>"; };
		5FE7DA2E2BCAFE8E004F9D19 /* AppDelegate.swift */ = {isa = PBXFileReference; lastKnownFileType = sourcecode.swift; path = AppDelegate.swift; sourceTree = "<group>"; };
		5FE7DA352BCB010D004F9D19 /* ListDetail.app */ = {isa = PBXFileReference; explicitFileType = wrapper.application; includeInIndex = 0; path = ListDetail.app; sourceTree = BUILT_PRODUCTS_DIR; };
		5FF3004A2BC4AC280023468D /* ListView.swift */ = {isa = PBXFileReference; lastKnownFileType = sourcecode.swift; path = ListView.swift; sourceTree = "<group>"; };
		5FF3004C2BC4AC2A0023468D /* Assets.xcassets */ = {isa = PBXFileReference; lastKnownFileType = folder.assetcatalog; path = Assets.xcassets; sourceTree = "<group>"; };
		5FF3004E2BC4AC2A0023468D /* ListDetail.entitlements */ = {isa = PBXFileReference; lastKnownFileType = text.plist.entitlements; path = ListDetail.entitlements; sourceTree = "<group>"; };
		5FF300502BC4AC2A0023468D /* Preview Assets.xcassets */ = {isa = PBXFileReference; lastKnownFileType = folder.assetcatalog; path = "Preview Assets.xcassets"; sourceTree = "<group>"; };
/* End PBXFileReference section */

/* Begin PBXFrameworksBuildPhase section */
		5F8005D72BCB2E270058773F /* Frameworks */ = {
			isa = PBXFrameworksBuildPhase;
			buildActionMask = 2147483647;
			files = (
				5F8005E52BCB2F040058773F /* SnapshotTesting in Frameworks */,
			);
			runOnlyForDeploymentPostprocessing = 0;
		};
		5FE7DA322BCB010D004F9D19 /* Frameworks */ = {
			isa = PBXFrameworksBuildPhase;
			buildActionMask = 2147483647;
			files = (
			);
			runOnlyForDeploymentPostprocessing = 0;
		};
/* End PBXFrameworksBuildPhase section */

/* Begin PBXGroup section */
		5F0D392B2BC4CC8800E67929 /* Service */ = {
			isa = PBXGroup;
			children = (
				5F0D392C2BC4CC9600E67929 /* ListService.swift */,
				5F8005D12BCB0F9F0058773F /* DetailService.swift */,
			);
			path = Service;
			sourceTree = "<group>";
		};
		5F7435F62BDEDF2400D78D57 /* Data */ = {
			isa = PBXGroup;
			children = (
				5F3DD83D2BDEF1DF006B0D68 /* data.json */,
			);
			path = Data;
			sourceTree = "<group>";
		};
		5F8005DB2BCB2E270058773F /* ListDetailTests */ = {
			isa = PBXGroup;
			children = (
				5F8005DC2BCB2E270058773F /* ListTests.swift */,
				5F8005E62BCB31E10058773F /* DetailTests.swift */,
				5F110FA32BDEFB5A008BC0D7 /* CatWorkerDataTests.swift */,
			);
			path = ListDetailTests;
			sourceTree = "<group>";
		};
		5FA7EAC12BC4C3B200758654 /* Controller */ = {
			isa = PBXGroup;
			children = (
				5F8005CB2BCB058F0058773F /* DetailController.swift */,
				5FA7EAC42BC4C41C00758654 /* ListController.swift */,
			);
			path = Controller;
			sourceTree = "<group>";
		};
		5FA7EAC22BC4C3C200758654 /* View */ = {
			isa = PBXGroup;
			children = (
				5F8005CD2BCB05970058773F /* DetailView.swift */,
				5FF3004A2BC4AC280023468D /* ListView.swift */,
			);
			path = View;
			sourceTree = "<group>";
		};
		5FA7EAC32BC4C3CC00758654 /* Coordinator */ = {
			isa = PBXGroup;
			children = (
				5FA7EABF2BC4C23600758654 /* MainCoordinator.swift */,
			);
			path = Coordinator;
			sourceTree = "<group>";
		};
		5FA7EAC72BC4C75100758654 /* Component */ = {
			isa = PBXGroup;
			children = (
				5FA7EAC82BC4C75A00758654 /* Card.swift */,
				5F8005D42BCB29AD0058773F /* ErrorMessage.swift */,
			);
			path = Component;
			sourceTree = "<group>";
		};
		5FE7DA252BCAF070004F9D19 /* Worker */ = {
			isa = PBXGroup;
			children = (
				5FE7DA262BCAF079004F9D19 /* CatWorker.swift */,
				5F3DD8392BDEDF5F006B0D68 /* CatWorkerProtocol.swift */,
				5F3DD83B2BDEF1BD006B0D68 /* CatWorkerJSON.swift */,
			);
			path = Worker;
			sourceTree = "<group>";
		};
		5FF3003C2BC4AC280023468D = {
			isa = PBXGroup;
			children = (
				5FF300472BC4AC280023468D /* ListDetail */,
				5F8005DB2BCB2E270058773F /* ListDetailTests */,
				5FF300462BC4AC280023468D /* Products */,
			);
			sourceTree = "<group>";
		};
		5FF300462BC4AC280023468D /* Products */ = {
			isa = PBXGroup;
			children = (
				5FE7DA352BCB010D004F9D19 /* ListDetail.app */,
				5F8005DA2BCB2E270058773F /* ListDetailTests.xctest */,
			);
			name = Products;
			sourceTree = "<group>";
		};
		5FF300472BC4AC280023468D /* ListDetail */ = {
			isa = PBXGroup;
			children = (
				5F7435F62BDEDF2400D78D57 /* Data */,
				5FE7DA252BCAF070004F9D19 /* Worker */,
				5F0D392B2BC4CC8800E67929 /* Service */,
				5FA7EAC72BC4C75100758654 /* Component */,
				5FA7EAC32BC4C3CC00758654 /* Coordinator */,
				5FA7EAC22BC4C3C200758654 /* View */,
				5FA7EAC12BC4C3B200758654 /* Controller */,
				5FF3004C2BC4AC2A0023468D /* Assets.xcassets */,
				5FF3004E2BC4AC2A0023468D /* ListDetail.entitlements */,
				5FF3004F2BC4AC2A0023468D /* Preview Content */,
				5FE7DA2C2BCAFE74004F9D19 /* SceneDelegate.swift */,
				5FE7DA2E2BCAFE8E004F9D19 /* AppDelegate.swift */,
			);
			path = ListDetail;
			sourceTree = "<group>";
		};
		5FF3004F2BC4AC2A0023468D /* Preview Content */ = {
			isa = PBXGroup;
			children = (
				5FF300502BC4AC2A0023468D /* Preview Assets.xcassets */,
			);
			path = "Preview Content";
			sourceTree = "<group>";
		};
/* End PBXGroup section */

/* Begin PBXNativeTarget section */
		5F8005D92BCB2E270058773F /* ListDetailTests */ = {
			isa = PBXNativeTarget;
			buildConfigurationList = 5F8005E02BCB2E270058773F /* Build configuration list for PBXNativeTarget "ListDetailTests" */;
			buildPhases = (
				5F8005D62BCB2E270058773F /* Sources */,
				5F8005D72BCB2E270058773F /* Frameworks */,
				5F8005D82BCB2E270058773F /* Resources */,
			);
			buildRules = (
			);
			dependencies = (
				5F8005DF2BCB2E270058773F /* PBXTargetDependency */,
			);
			name = ListDetailTests;
			packageProductDependencies = (
				5F8005E42BCB2F040058773F /* SnapshotTesting */,
			);
			productName = ListDetailTests;
			productReference = 5F8005DA2BCB2E270058773F /* ListDetailTests.xctest */;
			productType = "com.apple.product-type.bundle.unit-test";
		};
		5FE7DA342BCB010D004F9D19 /* ListDetail */ = {
			isa = PBXNativeTarget;
			buildConfigurationList = 5FE7DA402BCB0121004F9D19 /* Build configuration list for PBXNativeTarget "ListDetail" */;
			buildPhases = (
				5FE7DA312BCB010D004F9D19 /* Sources */,
				5FE7DA322BCB010D004F9D19 /* Frameworks */,
				5FE7DA332BCB010D004F9D19 /* Resources */,
				5F8005D32BCB10050058773F /* SwiftLint */,
			);
			buildRules = (
			);
			dependencies = (
			);
			name = ListDetail;
			productName = ListDetail;
			productReference = 5FE7DA352BCB010D004F9D19 /* ListDetail.app */;
			productType = "com.apple.product-type.application";
		};
/* End PBXNativeTarget section */

/* Begin PBXProject section */
		5FF3003D2BC4AC280023468D /* Project object */ = {
			isa = PBXProject;
			attributes = {
				BuildIndependentTargetsInParallel = 1;
				LastSwiftUpdateCheck = 1530;
				LastUpgradeCheck = 1530;
				TargetAttributes = {
					5F8005D92BCB2E270058773F = {
						CreatedOnToolsVersion = 15.3;
						TestTargetID = 5FE7DA342BCB010D004F9D19;
					};
					5FE7DA342BCB010D004F9D19 = {
						CreatedOnToolsVersion = 15.3;
					};
				};
			};
			buildConfigurationList = 5FF300402BC4AC280023468D /* Build configuration list for PBXProject "ListDetail" */;
			compatibilityVersion = "Xcode 14.0";
			developmentRegion = en;
			hasScannedForEncodings = 0;
			knownRegions = (
				en,
				Base,
			);
			mainGroup = 5FF3003C2BC4AC280023468D;
			packageReferences = (
				5F8005E32BCB2F040058773F /* XCRemoteSwiftPackageReference "swift-snapshot-testing" */,
			);
			productRefGroup = 5FF300462BC4AC280023468D /* Products */;
			projectDirPath = "";
			projectRoot = "";
			targets = (
				5FE7DA342BCB010D004F9D19 /* ListDetail */,
				5F8005D92BCB2E270058773F /* ListDetailTests */,
			);
		};
/* End PBXProject section */

/* Begin PBXResourcesBuildPhase section */
		5F8005D82BCB2E270058773F /* Resources */ = {
			isa = PBXResourcesBuildPhase;
			buildActionMask = 2147483647;
			files = (
			);
			runOnlyForDeploymentPostprocessing = 0;
		};
		5FE7DA332BCB010D004F9D19 /* Resources */ = {
			isa = PBXResourcesBuildPhase;
			buildActionMask = 2147483647;
			files = (
				5F3DD83E2BDEF1DF006B0D68 /* data.json in Resources */,
			);
			runOnlyForDeploymentPostprocessing = 0;
		};
/* End PBXResourcesBuildPhase section */

/* Begin PBXShellScriptBuildPhase section */
		5F8005D32BCB10050058773F /* SwiftLint */ = {
			isa = PBXShellScriptBuildPhase;
			alwaysOutOfDate = 1;
			buildActionMask = 2147483647;
			files = (
			);
			inputFileListPaths = (
			);
			inputPaths = (
			);
			name = SwiftLint;
			outputFileListPaths = (
			);
			outputPaths = (
			);
			runOnlyForDeploymentPostprocessing = 0;
			shellPath = /bin/sh;
			shellScript = "if [[ \"$(uname -m)\" == arm64 ]]; then\n    export PATH=\"/opt/homebrew/bin:$PATH\"\nfi\n\nif which swiftlint > /dev/null; then\n  swiftlint\nelse\n  echo \"warning: SwiftLint not installed, download from https://github.com/realm/SwiftLint\"\nfi\n";
		};
/* End PBXShellScriptBuildPhase section */

/* Begin PBXSourcesBuildPhase section */
		5F8005D62BCB2E270058773F /* Sources */ = {
			isa = PBXSourcesBuildPhase;
			buildActionMask = 2147483647;
			files = (
				5F110FA42BDEFB5A008BC0D7 /* CatWorkerDataTests.swift in Sources */,
				5F8005E72BCB31E10058773F /* DetailTests.swift in Sources */,
				5F8005DD2BCB2E270058773F /* ListTests.swift in Sources */,
			);
			runOnlyForDeploymentPostprocessing = 0;
		};
		5FE7DA312BCB010D004F9D19 /* Sources */ = {
			isa = PBXSourcesBuildPhase;
			buildActionMask = 2147483647;
			files = (
				5FC0956B2BCB03E300EF0616 /* CatWorker.swift in Sources */,
				5FC0956C2BCB03E300EF0616 /* ListService.swift in Sources */,
				5FC0956D2BCB03E300EF0616 /* Card.swift in Sources */,
				5F8005CE2BCB05970058773F /* DetailView.swift in Sources */,
				5F8005D52BCB29AD0058773F /* ErrorMessage.swift in Sources */,
				5F3DD83A2BDEDF5F006B0D68 /* CatWorkerProtocol.swift in Sources */,
				5FC0956E2BCB03E300EF0616 /* MainCoordinator.swift in Sources */,
				5FC0956F2BCB03E300EF0616 /* ListView.swift in Sources */,
				5F3DD83C2BDEF1BD006B0D68 /* CatWorkerJSON.swift in Sources */,
				5FC095722BCB03E300EF0616 /* ListController.swift in Sources */,
				5FC095772BCB03E300EF0616 /* SceneDelegate.swift in Sources */,
				5F8005CC2BCB058F0058773F /* DetailController.swift in Sources */,
				5F8005D22BCB0F9F0058773F /* DetailService.swift in Sources */,
				5FC095782BCB03E300EF0616 /* AppDelegate.swift in Sources */,
			);
			runOnlyForDeploymentPostprocessing = 0;
		};
/* End PBXSourcesBuildPhase section */

/* Begin PBXTargetDependency section */
		5F8005DF2BCB2E270058773F /* PBXTargetDependency */ = {
			isa = PBXTargetDependency;
			target = 5FE7DA342BCB010D004F9D19 /* ListDetail */;
			targetProxy = 5F8005DE2BCB2E270058773F /* PBXContainerItemProxy */;
		};
/* End PBXTargetDependency section */

/* Begin XCBuildConfiguration section */
		5F8005E12BCB2E270058773F /* Debug */ = {
			isa = XCBuildConfiguration;
			buildSettings = {
				BUNDLE_LOADER = "$(TEST_HOST)";
				CODE_SIGN_STYLE = Automatic;
				CURRENT_PROJECT_VERSION = 1;
				DEVELOPMENT_TEAM = 43LD5G2J6C;
				ENABLE_USER_SCRIPT_SANDBOXING = YES;
				GENERATE_INFOPLIST_FILE = YES;
				IPHONEOS_DEPLOYMENT_TARGET = 15.0;
				MARKETING_VERSION = 1.0;
				PRODUCT_BUNDLE_IDENTIFIER = vitorjmoriya.ListDetailTests;
				PRODUCT_NAME = "$(TARGET_NAME)";
				SDKROOT = iphoneos;
				SWIFT_EMIT_LOC_STRINGS = NO;
				SWIFT_VERSION = 5.0;
				TARGETED_DEVICE_FAMILY = "1,2";
				TEST_HOST = "$(BUILT_PRODUCTS_DIR)/ListDetail.app/$(BUNDLE_EXECUTABLE_FOLDER_PATH)/ListDetail";
			};
			name = Debug;
		};
		5F8005E22BCB2E270058773F /* Release */ = {
			isa = XCBuildConfiguration;
			buildSettings = {
				BUNDLE_LOADER = "$(TEST_HOST)";
				CODE_SIGN_STYLE = Automatic;
				CURRENT_PROJECT_VERSION = 1;
				DEVELOPMENT_TEAM = 43LD5G2J6C;
				ENABLE_USER_SCRIPT_SANDBOXING = YES;
				GENERATE_INFOPLIST_FILE = YES;
				IPHONEOS_DEPLOYMENT_TARGET = 15.0;
				MARKETING_VERSION = 1.0;
				PRODUCT_BUNDLE_IDENTIFIER = vitorjmoriya.ListDetailTests;
				PRODUCT_NAME = "$(TARGET_NAME)";
				SDKROOT = iphoneos;
				SWIFT_EMIT_LOC_STRINGS = NO;
				SWIFT_VERSION = 5.0;
				TARGETED_DEVICE_FAMILY = "1,2";
				TEST_HOST = "$(BUILT_PRODUCTS_DIR)/ListDetail.app/$(BUNDLE_EXECUTABLE_FOLDER_PATH)/ListDetail";
				VALIDATE_PRODUCT = YES;
			};
			name = Release;
		};
		5FE7DA412BCB0121004F9D19 /* Debug */ = {
			isa = XCBuildConfiguration;
			buildSettings = {
				ASSETCATALOG_COMPILER_APPICON_NAME = AppIcon;
				ASSETCATALOG_COMPILER_GLOBAL_ACCENT_COLOR_NAME = AccentColor;
				CODE_SIGN_STYLE = Automatic;
				CURRENT_PROJECT_VERSION = 1;
				DEVELOPMENT_ASSET_PATHS = "\"ListDetail/Preview Content\"";
				DEVELOPMENT_TEAM = 43LD5G2J6C;
				ENABLE_PREVIEWS = YES;
				GENERATE_INFOPLIST_FILE = YES;
				INFOPLIST_FILE = ListDetail/Info.plist;
				INFOPLIST_KEY_UIApplicationSupportsIndirectInputEvents = YES;
				INFOPLIST_KEY_UILaunchScreen_Generation = YES;
				INFOPLIST_KEY_UISupportedInterfaceOrientations_iPad = "UIInterfaceOrientationPortrait UIInterfaceOrientationPortraitUpsideDown UIInterfaceOrientationLandscapeLeft UIInterfaceOrientationLandscapeRight";
				INFOPLIST_KEY_UISupportedInterfaceOrientations_iPhone = "UIInterfaceOrientationPortrait UIInterfaceOrientationLandscapeLeft UIInterfaceOrientationLandscapeRight";
				IPHONEOS_DEPLOYMENT_TARGET = 15.0;
				LD_RUNPATH_SEARCH_PATHS = (
					"$(inherited)",
					"@executable_path/Frameworks",
				);
				MARKETING_VERSION = 1.0;
				PRODUCT_BUNDLE_IDENTIFIER = vitorjmoriya.ListDetail;
				PRODUCT_NAME = "$(TARGET_NAME)";
				SDKROOT = iphoneos;
				SWIFT_EMIT_LOC_STRINGS = YES;
				SWIFT_VERSION = 5.0;
				TARGETED_DEVICE_FAMILY = "1,2";
			};
			name = Debug;
		};
		5FE7DA422BCB0121004F9D19 /* Release */ = {
			isa = XCBuildConfiguration;
			buildSettings = {
				ASSETCATALOG_COMPILER_APPICON_NAME = AppIcon;
				ASSETCATALOG_COMPILER_GLOBAL_ACCENT_COLOR_NAME = AccentColor;
				CODE_SIGN_STYLE = Automatic;
				CURRENT_PROJECT_VERSION = 1;
				DEVELOPMENT_ASSET_PATHS = "\"ListDetail/Preview Content\"";
				DEVELOPMENT_TEAM = 43LD5G2J6C;
				ENABLE_PREVIEWS = YES;
				GENERATE_INFOPLIST_FILE = YES;
				INFOPLIST_FILE = ListDetail/Info.plist;
				INFOPLIST_KEY_UIApplicationSupportsIndirectInputEvents = YES;
				INFOPLIST_KEY_UILaunchScreen_Generation = YES;
				INFOPLIST_KEY_UISupportedInterfaceOrientations_iPad = "UIInterfaceOrientationPortrait UIInterfaceOrientationPortraitUpsideDown UIInterfaceOrientationLandscapeLeft UIInterfaceOrientationLandscapeRight";
				INFOPLIST_KEY_UISupportedInterfaceOrientations_iPhone = "UIInterfaceOrientationPortrait UIInterfaceOrientationLandscapeLeft UIInterfaceOrientationLandscapeRight";
				IPHONEOS_DEPLOYMENT_TARGET = 15.0;
				LD_RUNPATH_SEARCH_PATHS = (
					"$(inherited)",
					"@executable_path/Frameworks",
				);
				MARKETING_VERSION = 1.0;
				PRODUCT_BUNDLE_IDENTIFIER = vitorjmoriya.ListDetail;
				PRODUCT_NAME = "$(TARGET_NAME)";
				SDKROOT = iphoneos;
				SWIFT_EMIT_LOC_STRINGS = YES;
				SWIFT_VERSION = 5.0;
				TARGETED_DEVICE_FAMILY = "1,2";
				VALIDATE_PRODUCT = YES;
			};
			name = Release;
		};
		5FF300682BC4AC2A0023468D /* Debug */ = {
			isa = XCBuildConfiguration;
			buildSettings = {
				ALWAYS_SEARCH_USER_PATHS = NO;
				ASSETCATALOG_COMPILER_GENERATE_SWIFT_ASSET_SYMBOL_EXTENSIONS = YES;
				CLANG_ANALYZER_NONNULL = YES;
				CLANG_ANALYZER_NUMBER_OBJECT_CONVERSION = YES_AGGRESSIVE;
				CLANG_CXX_LANGUAGE_STANDARD = "gnu++20";
				CLANG_ENABLE_MODULES = YES;
				CLANG_ENABLE_OBJC_ARC = YES;
				CLANG_ENABLE_OBJC_WEAK = YES;
				CLANG_WARN_BLOCK_CAPTURE_AUTORELEASING = YES;
				CLANG_WARN_BOOL_CONVERSION = YES;
				CLANG_WARN_COMMA = YES;
				CLANG_WARN_CONSTANT_CONVERSION = YES;
				CLANG_WARN_DEPRECATED_OBJC_IMPLEMENTATIONS = YES;
				CLANG_WARN_DIRECT_OBJC_ISA_USAGE = YES_ERROR;
				CLANG_WARN_DOCUMENTATION_COMMENTS = YES;
				CLANG_WARN_EMPTY_BODY = YES;
				CLANG_WARN_ENUM_CONVERSION = YES;
				CLANG_WARN_INFINITE_RECURSION = YES;
				CLANG_WARN_INT_CONVERSION = YES;
				CLANG_WARN_NON_LITERAL_NULL_CONVERSION = YES;
				CLANG_WARN_OBJC_IMPLICIT_RETAIN_SELF = YES;
				CLANG_WARN_OBJC_LITERAL_CONVERSION = YES;
				CLANG_WARN_OBJC_ROOT_CLASS = YES_ERROR;
				CLANG_WARN_QUOTED_INCLUDE_IN_FRAMEWORK_HEADER = YES;
				CLANG_WARN_RANGE_LOOP_ANALYSIS = YES;
				CLANG_WARN_STRICT_PROTOTYPES = YES;
				CLANG_WARN_SUSPICIOUS_MOVE = YES;
				CLANG_WARN_UNGUARDED_AVAILABILITY = YES_AGGRESSIVE;
				CLANG_WARN_UNREACHABLE_CODE = YES;
				CLANG_WARN__DUPLICATE_METHOD_MATCH = YES;
				COPY_PHASE_STRIP = NO;
				DEBUG_INFORMATION_FORMAT = dwarf;
				ENABLE_STRICT_OBJC_MSGSEND = YES;
				ENABLE_TESTABILITY = YES;
				ENABLE_USER_SCRIPT_SANDBOXING = NO;
				GCC_C_LANGUAGE_STANDARD = gnu17;
				GCC_DYNAMIC_NO_PIC = NO;
				GCC_NO_COMMON_BLOCKS = YES;
				GCC_OPTIMIZATION_LEVEL = 0;
				GCC_PREPROCESSOR_DEFINITIONS = (
					"DEBUG=1",
					"$(inherited)",
				);
				GCC_WARN_64_TO_32_BIT_CONVERSION = YES;
				GCC_WARN_ABOUT_RETURN_TYPE = YES_ERROR;
				GCC_WARN_UNDECLARED_SELECTOR = YES;
				GCC_WARN_UNINITIALIZED_AUTOS = YES_AGGRESSIVE;
				GCC_WARN_UNUSED_FUNCTION = YES;
				GCC_WARN_UNUSED_VARIABLE = YES;
				IPHONEOS_DEPLOYMENT_TARGET = 15.0;
				LOCALIZATION_PREFERS_STRING_CATALOGS = YES;
				MTL_ENABLE_DEBUG_INFO = INCLUDE_SOURCE;
				MTL_FAST_MATH = YES;
				ONLY_ACTIVE_ARCH = YES;
				SWIFT_ACTIVE_COMPILATION_CONDITIONS = "DEBUG $(inherited)";
				SWIFT_OPTIMIZATION_LEVEL = "-Onone";
			};
			name = Debug;
		};
		5FF300692BC4AC2A0023468D /* Release */ = {
			isa = XCBuildConfiguration;
			buildSettings = {
				ALWAYS_SEARCH_USER_PATHS = NO;
				ASSETCATALOG_COMPILER_GENERATE_SWIFT_ASSET_SYMBOL_EXTENSIONS = YES;
				CLANG_ANALYZER_NONNULL = YES;
				CLANG_ANALYZER_NUMBER_OBJECT_CONVERSION = YES_AGGRESSIVE;
				CLANG_CXX_LANGUAGE_STANDARD = "gnu++20";
				CLANG_ENABLE_MODULES = YES;
				CLANG_ENABLE_OBJC_ARC = YES;
				CLANG_ENABLE_OBJC_WEAK = YES;
				CLANG_WARN_BLOCK_CAPTURE_AUTORELEASING = YES;
				CLANG_WARN_BOOL_CONVERSION = YES;
				CLANG_WARN_COMMA = YES;
				CLANG_WARN_CONSTANT_CONVERSION = YES;
				CLANG_WARN_DEPRECATED_OBJC_IMPLEMENTATIONS = YES;
				CLANG_WARN_DIRECT_OBJC_ISA_USAGE = YES_ERROR;
				CLANG_WARN_DOCUMENTATION_COMMENTS = YES;
				CLANG_WARN_EMPTY_BODY = YES;
				CLANG_WARN_ENUM_CONVERSION = YES;
				CLANG_WARN_INFINITE_RECURSION = YES;
				CLANG_WARN_INT_CONVERSION = YES;
				CLANG_WARN_NON_LITERAL_NULL_CONVERSION = YES;
				CLANG_WARN_OBJC_IMPLICIT_RETAIN_SELF = YES;
				CLANG_WARN_OBJC_LITERAL_CONVERSION = YES;
				CLANG_WARN_OBJC_ROOT_CLASS = YES_ERROR;
				CLANG_WARN_QUOTED_INCLUDE_IN_FRAMEWORK_HEADER = YES;
				CLANG_WARN_RANGE_LOOP_ANALYSIS = YES;
				CLANG_WARN_STRICT_PROTOTYPES = YES;
				CLANG_WARN_SUSPICIOUS_MOVE = YES;
				CLANG_WARN_UNGUARDED_AVAILABILITY = YES_AGGRESSIVE;
				CLANG_WARN_UNREACHABLE_CODE = YES;
				CLANG_WARN__DUPLICATE_METHOD_MATCH = YES;
				COPY_PHASE_STRIP = NO;
				DEBUG_INFORMATION_FORMAT = "dwarf-with-dsym";
				ENABLE_NS_ASSERTIONS = NO;
				ENABLE_STRICT_OBJC_MSGSEND = YES;
				ENABLE_USER_SCRIPT_SANDBOXING = NO;
				GCC_C_LANGUAGE_STANDARD = gnu17;
				GCC_NO_COMMON_BLOCKS = YES;
				GCC_WARN_64_TO_32_BIT_CONVERSION = YES;
				GCC_WARN_ABOUT_RETURN_TYPE = YES_ERROR;
				GCC_WARN_UNDECLARED_SELECTOR = YES;
				GCC_WARN_UNINITIALIZED_AUTOS = YES_AGGRESSIVE;
				GCC_WARN_UNUSED_FUNCTION = YES;
				GCC_WARN_UNUSED_VARIABLE = YES;
				IPHONEOS_DEPLOYMENT_TARGET = 15.0;
				LOCALIZATION_PREFERS_STRING_CATALOGS = YES;
				MTL_ENABLE_DEBUG_INFO = NO;
				MTL_FAST_MATH = YES;
				SWIFT_COMPILATION_MODE = wholemodule;
			};
			name = Release;
		};
/* End XCBuildConfiguration section */

/* Begin XCConfigurationList section */
		5F8005E02BCB2E270058773F /* Build configuration list for PBXNativeTarget "ListDetailTests" */ = {
			isa = XCConfigurationList;
			buildConfigurations = (
				5F8005E12BCB2E270058773F /* Debug */,
				5F8005E22BCB2E270058773F /* Release */,
			);
			defaultConfigurationIsVisible = 0;
			defaultConfigurationName = Release;
		};
		5FE7DA402BCB0121004F9D19 /* Build configuration list for PBXNativeTarget "ListDetail" */ = {
			isa = XCConfigurationList;
			buildConfigurations = (
				5FE7DA412BCB0121004F9D19 /* Debug */,
				5FE7DA422BCB0121004F9D19 /* Release */,
			);
			defaultConfigurationIsVisible = 0;
			defaultConfigurationName = Release;
		};
		5FF300402BC4AC280023468D /* Build configuration list for PBXProject "ListDetail" */ = {
			isa = XCConfigurationList;
			buildConfigurations = (
				5FF300682BC4AC2A0023468D /* Debug */,
				5FF300692BC4AC2A0023468D /* Release */,
			);
			defaultConfigurationIsVisible = 0;
			defaultConfigurationName = Release;
		};
/* End XCConfigurationList section */

/* Begin XCRemoteSwiftPackageReference section */
		5F8005E32BCB2F040058773F /* XCRemoteSwiftPackageReference "swift-snapshot-testing" */ = {
			isa = XCRemoteSwiftPackageReference;
			repositoryURL = "https://github.com/pointfreeco/swift-snapshot-testing";
			requirement = {
				kind = upToNextMajorVersion;
				minimumVersion = 1.16.0;
			};
		};
/* End XCRemoteSwiftPackageReference section */

/* Begin XCSwiftPackageProductDependency section */
		5F8005E42BCB2F040058773F /* SnapshotTesting */ = {
			isa = XCSwiftPackageProductDependency;
			package = 5F8005E32BCB2F040058773F /* XCRemoteSwiftPackageReference "swift-snapshot-testing" */;
			productName = SnapshotTesting;
		};
/* End XCSwiftPackageProductDependency section */
	};
	rootObject = 5FF3003D2BC4AC280023468D /* Project object */;
}
